// !$*UTF8*$!
{
	archiveVersion = 1;
	classes = {
	};
	objectVersion = 56;
	objects = {

/* Begin PBXBuildFile section */
		3AAE593C11B934B9C2498F0D /* Pods_FindCVS.framework in Frameworks */ = {isa = PBXBuildFile; fileRef = 7A059E9569BDCB2EBF991D8E /* Pods_FindCVS.framework */; };
		8E1831BA2959AC390085AC16 /* MainViewModel.swift in Sources */ = {isa = PBXBuildFile; fileRef = 8E1831B92959AC390085AC16 /* MainViewModel.swift */; };
		8E1831BC295B09140085AC16 /* MTMapViewError.swift in Sources */ = {isa = PBXBuildFile; fileRef = 8E1831BB295B09140085AC16 /* MTMapViewError.swift */; };
		8E20ADBE2A35838B0057B256 /* LocalNetwork.swift in Sources */ = {isa = PBXBuildFile; fileRef = 8E20ADBD2A35838B0057B256 /* LocalNetwork.swift */; };
		8E20ADC02A3586D80057B256 /* MainModel.swift in Sources */ = {isa = PBXBuildFile; fileRef = 8E20ADBF2A3586D80057B256 /* MainModel.swift */; };
		8E4CFD7C2955E4290052D65C /* LocationData.swift in Sources */ = {isa = PBXBuildFile; fileRef = 8E4CFD7B2955E4290052D65C /* LocationData.swift */; };
		8E4CFD7F2955E4630052D65C /* KLDocument.swift in Sources */ = {isa = PBXBuildFile; fileRef = 8E4CFD7E2955E4630052D65C /* KLDocument.swift */; };
		8E4CFD812955E5170052D65C /* DetailListCellData.swift in Sources */ = {isa = PBXBuildFile; fileRef = 8E4CFD802955E5170052D65C /* DetailListCellData.swift */; };
		8E6551B52A17AB9100574842 /* DetailListCell.swift in Sources */ = {isa = PBXBuildFile; fileRef = 8E6551B42A17AB9100574842 /* DetailListCell.swift */; };
		8E6551B72A17B58900574842 /* DetailListBackgroudView.swift in Sources */ = {isa = PBXBuildFile; fileRef = 8E6551B62A17B58900574842 /* DetailListBackgroudView.swift */; };
		8E6551B92A17B59B00574842 /* DetailListBackgroundViewModel.swift in Sources */ = {isa = PBXBuildFile; fileRef = 8E6551B82A17B59B00574842 /* DetailListBackgroundViewModel.swift */; };
		8E77B4C829533B8E00CEBBC8 /* AppDelegate.swift in Sources */ = {isa = PBXBuildFile; fileRef = 8E77B4C729533B8E00CEBBC8 /* AppDelegate.swift */; };
		8E77B4CA29533B8E00CEBBC8 /* SceneDelegate.swift in Sources */ = {isa = PBXBuildFile; fileRef = 8E77B4C929533B8E00CEBBC8 /* SceneDelegate.swift */; };
		8E77B4D129533B9100CEBBC8 /* Assets.xcassets in Resources */ = {isa = PBXBuildFile; fileRef = 8E77B4D029533B9100CEBBC8 /* Assets.xcassets */; };
		8E77B4D429533B9100CEBBC8 /* LaunchScreen.storyboard in Resources */ = {isa = PBXBuildFile; fileRef = 8E77B4D229533B9100CEBBC8 /* LaunchScreen.storyboard */; };
		8E77B52529533EAD00CEBBC8 /* OpenGLES.framework in Frameworks */ = {isa = PBXBuildFile; fileRef = 8E77B52429533EAD00CEBBC8 /* OpenGLES.framework */; };
		8E77B52729533EB600CEBBC8 /* SystemConfiguration.framework in Frameworks */ = {isa = PBXBuildFile; fileRef = 8E77B52629533EB600CEBBC8 /* SystemConfiguration.framework */; };
		8E77B52929533EC400CEBBC8 /* CoreLocation.framework in Frameworks */ = {isa = PBXBuildFile; fileRef = 8E77B52829533EC400CEBBC8 /* CoreLocation.framework */; };
		8E77B52B29533ECE00CEBBC8 /* QuartzCore.framework in Frameworks */ = {isa = PBXBuildFile; fileRef = 8E77B52A29533ECE00CEBBC8 /* QuartzCore.framework */; };
		8E77B52D29533ED900CEBBC8 /* libc++.tbd in Frameworks */ = {isa = PBXBuildFile; fileRef = 8E77B52C29533ED900CEBBC8 /* libc++.tbd */; };
		8E77B52F29533EE400CEBBC8 /* libxml2.tbd in Frameworks */ = {isa = PBXBuildFile; fileRef = 8E77B52E29533EE400CEBBC8 /* libxml2.tbd */; };
		8E77B53129533EED00CEBBC8 /* libsqlite3.tbd in Frameworks */ = {isa = PBXBuildFile; fileRef = 8E77B53029533EED00CEBBC8 /* libsqlite3.tbd */; };
		8EC68AC8295886A6001F3C77 /* MainViewController.swift in Sources */ = {isa = PBXBuildFile; fileRef = 8EC68AC7295886A6001F3C77 /* MainViewController.swift */; };
		8EC68AF429588853001F3C77 /* map_pinup_custom@3x.png in Resources */ = {isa = PBXBuildFile; fileRef = 8EC68ACF29588853001F3C77 /* map_pinup_custom@3x.png */; };
		8EC68AF529588853001F3C77 /* map_pin_custom.png in Resources */ = {isa = PBXBuildFile; fileRef = 8EC68AD029588853001F3C77 /* map_pin_custom.png */; };
		8EC68AF629588853001F3C77 /* shadow_balloon.png in Resources */ = {isa = PBXBuildFile; fileRef = 8EC68AD129588853001F3C77 /* shadow_balloon.png */; };
		8EC68AF729588853001F3C77 /* map_pinup.png in Resources */ = {isa = PBXBuildFile; fileRef = 8EC68AD229588853001F3C77 /* map_pinup.png */; };
		8EC68AF829588853001F3C77 /* detail_button.png in Resources */ = {isa = PBXBuildFile; fileRef = 8EC68AD329588853001F3C77 /* detail_button.png */; };
		8EC68AF929588853001F3C77 /* map_pin_custom@3x.png in Resources */ = {isa = PBXBuildFile; fileRef = 8EC68AD429588853001F3C77 /* map_pin_custom@3x.png */; };
		8EC68AFA29588853001F3C77 /* map_pinup@3x.png in Resources */ = {isa = PBXBuildFile; fileRef = 8EC68AD529588853001F3C77 /* map_pinup@3x.png */; };
		8EC68AFB29588853001F3C77 /* map_pin_shadow@3x.png in Resources */ = {isa = PBXBuildFile; fileRef = 8EC68AD629588853001F3C77 /* map_pin_shadow@3x.png */; };
		8EC68AFC29588853001F3C77 /* copyright.png in Resources */ = {isa = PBXBuildFile; fileRef = 8EC68AD729588853001F3C77 /* copyright.png */; };
		8EC68AFD29588853001F3C77 /* th_line.png in Resources */ = {isa = PBXBuildFile; fileRef = 8EC68AD829588853001F3C77 /* th_line.png */; };
		8EC68AFE29588853001F3C77 /* map_pin_red@3x.png in Resources */ = {isa = PBXBuildFile; fileRef = 8EC68AD929588853001F3C77 /* map_pin_red@3x.png */; };
		8EC68AFF29588853001F3C77 /* daum_copyright.png in Resources */ = {isa = PBXBuildFile; fileRef = 8EC68ADA29588853001F3C77 /* daum_copyright.png */; };
		8EC68B0029588854001F3C77 /* map_pin@3x.png in Resources */ = {isa = PBXBuildFile; fileRef = 8EC68ADB29588853001F3C77 /* map_pin@3x.png */; };
		8EC68B0129588854001F3C77 /* map_present_tracking.png in Resources */ = {isa = PBXBuildFile; fileRef = 8EC68ADC29588853001F3C77 /* map_present_tracking.png */; };
		8EC68B0229588854001F3C77 /* map_pin_red.png in Resources */ = {isa = PBXBuildFile; fileRef = 8EC68ADD29588853001F3C77 /* map_pin_red.png */; };
		8EC68B0329588854001F3C77 /* info_box.png in Resources */ = {isa = PBXBuildFile; fileRef = 8EC68AE729588853001F3C77 /* info_box.png */; };
		8EC68B0429588854001F3C77 /* point_sprite.png in Resources */ = {isa = PBXBuildFile; fileRef = 8EC68AE829588853001F3C77 /* point_sprite.png */; };
		8EC68B0529588854001F3C77 /* map_pinup_custom.png in Resources */ = {isa = PBXBuildFile; fileRef = 8EC68AE929588853001F3C77 /* map_pinup_custom.png */; };
		8EC68B0629588854001F3C77 /* info_box_tail.png in Resources */ = {isa = PBXBuildFile; fileRef = 8EC68AEA29588853001F3C77 /* info_box_tail.png */; };
		8EC68B0729588854001F3C77 /* noimage256.png in Resources */ = {isa = PBXBuildFile; fileRef = 8EC68AEB29588853001F3C77 /* noimage256.png */; };
		8EC68B0829588854001F3C77 /* map_present_direction.png in Resources */ = {isa = PBXBuildFile; fileRef = 8EC68AEC29588853001F3C77 /* map_present_direction.png */; };
		8EC68B0929588854001F3C77 /* map_pin.png in Resources */ = {isa = PBXBuildFile; fileRef = 8EC68AED29588853001F3C77 /* map_pin.png */; };
		8EC68B0A29588854001F3C77 /* map_present.png in Resources */ = {isa = PBXBuildFile; fileRef = 8EC68AEE29588853001F3C77 /* map_present.png */; };
		8EC68B0B29588854001F3C77 /* noimage.png in Resources */ = {isa = PBXBuildFile; fileRef = 8EC68AEF29588853001F3C77 /* noimage.png */; };
		8EC68B0C29588854001F3C77 /* map_present_background_update.png in Resources */ = {isa = PBXBuildFile; fileRef = 8EC68AF029588853001F3C77 /* map_present_background_update.png */; };
		8EC68B0D29588854001F3C77 /* daum_th_line.png in Resources */ = {isa = PBXBuildFile; fileRef = 8EC68AF129588853001F3C77 /* daum_th_line.png */; };
		8EC68B0E29588854001F3C77 /* map_pin_shadow.png in Resources */ = {isa = PBXBuildFile; fileRef = 8EC68AF229588853001F3C77 /* map_pin_shadow.png */; };
		8EC68B0F29588854001F3C77 /* DaumMap.framework in Frameworks */ = {isa = PBXBuildFile; fileRef = 8EC68AF329588853001F3C77 /* DaumMap.framework */; };
		8ECCA4592A288B0100381823 /* SearchAPI.swift in Sources */ = {isa = PBXBuildFile; fileRef = 8ECCA4582A288B0100381823 /* SearchAPI.swift */; };
/* End PBXBuildFile section */

/* Begin PBXFileReference section */
		06450463F5FC5AF50E5AAC5D /* Pods-19.FIndCVSTests.release.xcconfig */ = {isa = PBXFileReference; includeInIndex = 1; lastKnownFileType = text.xcconfig; name = "Pods-19.FIndCVSTests.release.xcconfig"; path = "Target Support Files/Pods-19.FIndCVSTests/Pods-19.FIndCVSTests.release.xcconfig"; sourceTree = "<group>"; };
		12318ED75ADEE6D8C9785C3D /* Pods-FindCVSTests.debug.xcconfig */ = {isa = PBXFileReference; includeInIndex = 1; lastKnownFileType = text.xcconfig; name = "Pods-FindCVSTests.debug.xcconfig"; path = "Target Support Files/Pods-FindCVSTests/Pods-FindCVSTests.debug.xcconfig"; sourceTree = "<group>"; };
		256B160AFD984CD0FFB67FF1 /* Pods_FindCVSTests.framework */ = {isa = PBXFileReference; explicitFileType = wrapper.framework; includeInIndex = 0; path = Pods_FindCVSTests.framework; sourceTree = BUILT_PRODUCTS_DIR; };
		30987CF77E9E82BD77E6B344 /* Pods-19.FIndCVS.release.xcconfig */ = {isa = PBXFileReference; includeInIndex = 1; lastKnownFileType = text.xcconfig; name = "Pods-19.FIndCVS.release.xcconfig"; path = "Target Support Files/Pods-19.FIndCVS/Pods-19.FIndCVS.release.xcconfig"; sourceTree = "<group>"; };
		475D09F5EFBD2CBB4019B5D8 /* Pods-FindCVS.debug.xcconfig */ = {isa = PBXFileReference; includeInIndex = 1; lastKnownFileType = text.xcconfig; name = "Pods-FindCVS.debug.xcconfig"; path = "Target Support Files/Pods-FindCVS/Pods-FindCVS.debug.xcconfig"; sourceTree = "<group>"; };
		63CB65BD2E5A97273552BD27 /* Pods-FindCVSTests.release.xcconfig */ = {isa = PBXFileReference; includeInIndex = 1; lastKnownFileType = text.xcconfig; name = "Pods-FindCVSTests.release.xcconfig"; path = "Target Support Files/Pods-FindCVSTests/Pods-FindCVSTests.release.xcconfig"; sourceTree = "<group>"; };
		657334952D964494F4D02FFA /* Pods-19.FIndCVSTests.debug.xcconfig */ = {isa = PBXFileReference; includeInIndex = 1; lastKnownFileType = text.xcconfig; name = "Pods-19.FIndCVSTests.debug.xcconfig"; path = "Target Support Files/Pods-19.FIndCVSTests/Pods-19.FIndCVSTests.debug.xcconfig"; sourceTree = "<group>"; };
		7A059E9569BDCB2EBF991D8E /* Pods_FindCVS.framework */ = {isa = PBXFileReference; explicitFileType = wrapper.framework; includeInIndex = 0; path = Pods_FindCVS.framework; sourceTree = BUILT_PRODUCTS_DIR; };
		8E1831B92959AC390085AC16 /* MainViewModel.swift */ = {isa = PBXFileReference; lastKnownFileType = sourcecode.swift; path = MainViewModel.swift; sourceTree = "<group>"; };
		8E1831BB295B09140085AC16 /* MTMapViewError.swift */ = {isa = PBXFileReference; lastKnownFileType = sourcecode.swift; path = MTMapViewError.swift; sourceTree = "<group>"; };
		8E20ADBD2A35838B0057B256 /* LocalNetwork.swift */ = {isa = PBXFileReference; lastKnownFileType = sourcecode.swift; path = LocalNetwork.swift; sourceTree = "<group>"; };
		8E20ADBF2A3586D80057B256 /* MainModel.swift */ = {isa = PBXFileReference; lastKnownFileType = sourcecode.swift; path = MainModel.swift; sourceTree = "<group>"; };
		8E4CFD7B2955E4290052D65C /* LocationData.swift */ = {isa = PBXFileReference; lastKnownFileType = sourcecode.swift; path = LocationData.swift; sourceTree = "<group>"; };
		8E4CFD7E2955E4630052D65C /* KLDocument.swift */ = {isa = PBXFileReference; lastKnownFileType = sourcecode.swift; path = KLDocument.swift; sourceTree = "<group>"; };
		8E4CFD802955E5170052D65C /* DetailListCellData.swift */ = {isa = PBXFileReference; lastKnownFileType = sourcecode.swift; path = DetailListCellData.swift; sourceTree = "<group>"; };
		8E6551B42A17AB9100574842 /* DetailListCell.swift */ = {isa = PBXFileReference; lastKnownFileType = sourcecode.swift; path = DetailListCell.swift; sourceTree = "<group>"; };
		8E6551B62A17B58900574842 /* DetailListBackgroudView.swift */ = {isa = PBXFileReference; lastKnownFileType = sourcecode.swift; path = DetailListBackgroudView.swift; sourceTree = "<group>"; };
		8E6551B82A17B59B00574842 /* DetailListBackgroundViewModel.swift */ = {isa = PBXFileReference; lastKnownFileType = sourcecode.swift; path = DetailListBackgroundViewModel.swift; sourceTree = "<group>"; };
		8E77B4C429533B8E00CEBBC8 /* FindCVS.app */ = {isa = PBXFileReference; explicitFileType = wrapper.application; includeInIndex = 0; path = FindCVS.app; sourceTree = BUILT_PRODUCTS_DIR; };
		8E77B4C729533B8E00CEBBC8 /* AppDelegate.swift */ = {isa = PBXFileReference; lastKnownFileType = sourcecode.swift; path = AppDelegate.swift; sourceTree = "<group>"; };
		8E77B4C929533B8E00CEBBC8 /* SceneDelegate.swift */ = {isa = PBXFileReference; lastKnownFileType = sourcecode.swift; path = SceneDelegate.swift; sourceTree = "<group>"; };
		8E77B4D029533B9100CEBBC8 /* Assets.xcassets */ = {isa = PBXFileReference; lastKnownFileType = folder.assetcatalog; path = Assets.xcassets; sourceTree = "<group>"; };
		8E77B4D329533B9100CEBBC8 /* Base */ = {isa = PBXFileReference; lastKnownFileType = file.storyboard; name = Base; path = Base.lproj/LaunchScreen.storyboard; sourceTree = "<group>"; };
		8E77B4D529533B9100CEBBC8 /* Info.plist */ = {isa = PBXFileReference; lastKnownFileType = text.plist.xml; path = Info.plist; sourceTree = "<group>"; };
		8E77B52229533E3800CEBBC8 /* BridgingHeader.h */ = {isa = PBXFileReference; lastKnownFileType = sourcecode.c.h; path = BridgingHeader.h; sourceTree = "<group>"; };
		8E77B52429533EAD00CEBBC8 /* OpenGLES.framework */ = {isa = PBXFileReference; lastKnownFileType = wrapper.framework; name = OpenGLES.framework; path = System/Library/Frameworks/OpenGLES.framework; sourceTree = SDKROOT; };
		8E77B52629533EB600CEBBC8 /* SystemConfiguration.framework */ = {isa = PBXFileReference; lastKnownFileType = wrapper.framework; name = SystemConfiguration.framework; path = System/Library/Frameworks/SystemConfiguration.framework; sourceTree = SDKROOT; };
		8E77B52829533EC400CEBBC8 /* CoreLocation.framework */ = {isa = PBXFileReference; lastKnownFileType = wrapper.framework; name = CoreLocation.framework; path = System/Library/Frameworks/CoreLocation.framework; sourceTree = SDKROOT; };
		8E77B52A29533ECE00CEBBC8 /* QuartzCore.framework */ = {isa = PBXFileReference; lastKnownFileType = wrapper.framework; name = QuartzCore.framework; path = System/Library/Frameworks/QuartzCore.framework; sourceTree = SDKROOT; };
		8E77B52C29533ED900CEBBC8 /* libc++.tbd */ = {isa = PBXFileReference; lastKnownFileType = "sourcecode.text-based-dylib-definition"; name = "libc++.tbd"; path = "usr/lib/libc++.tbd"; sourceTree = SDKROOT; };
		8E77B52E29533EE400CEBBC8 /* libxml2.tbd */ = {isa = PBXFileReference; lastKnownFileType = "sourcecode.text-based-dylib-definition"; name = libxml2.tbd; path = usr/lib/libxml2.tbd; sourceTree = SDKROOT; };
		8E77B53029533EED00CEBBC8 /* libsqlite3.tbd */ = {isa = PBXFileReference; lastKnownFileType = "sourcecode.text-based-dylib-definition"; name = libsqlite3.tbd; path = usr/lib/libsqlite3.tbd; sourceTree = SDKROOT; };
		8EC68AC7295886A6001F3C77 /* MainViewController.swift */ = {isa = PBXFileReference; lastKnownFileType = sourcecode.swift; path = MainViewController.swift; sourceTree = "<group>"; };
		8EC68ACF29588853001F3C77 /* map_pinup_custom@3x.png */ = {isa = PBXFileReference; lastKnownFileType = image.png; path = "map_pinup_custom@3x.png"; sourceTree = "<group>"; };
		8EC68AD029588853001F3C77 /* map_pin_custom.png */ = {isa = PBXFileReference; lastKnownFileType = image.png; path = map_pin_custom.png; sourceTree = "<group>"; };
		8EC68AD129588853001F3C77 /* shadow_balloon.png */ = {isa = PBXFileReference; lastKnownFileType = image.png; path = shadow_balloon.png; sourceTree = "<group>"; };
		8EC68AD229588853001F3C77 /* map_pinup.png */ = {isa = PBXFileReference; lastKnownFileType = image.png; path = map_pinup.png; sourceTree = "<group>"; };
		8EC68AD329588853001F3C77 /* detail_button.png */ = {isa = PBXFileReference; lastKnownFileType = image.png; path = detail_button.png; sourceTree = "<group>"; };
		8EC68AD429588853001F3C77 /* map_pin_custom@3x.png */ = {isa = PBXFileReference; lastKnownFileType = image.png; path = "map_pin_custom@3x.png"; sourceTree = "<group>"; };
		8EC68AD529588853001F3C77 /* map_pinup@3x.png */ = {isa = PBXFileReference; lastKnownFileType = image.png; path = "map_pinup@3x.png"; sourceTree = "<group>"; };
		8EC68AD629588853001F3C77 /* map_pin_shadow@3x.png */ = {isa = PBXFileReference; lastKnownFileType = image.png; path = "map_pin_shadow@3x.png"; sourceTree = "<group>"; };
		8EC68AD729588853001F3C77 /* copyright.png */ = {isa = PBXFileReference; lastKnownFileType = image.png; path = copyright.png; sourceTree = "<group>"; };
		8EC68AD829588853001F3C77 /* th_line.png */ = {isa = PBXFileReference; lastKnownFileType = image.png; path = th_line.png; sourceTree = "<group>"; };
		8EC68AD929588853001F3C77 /* map_pin_red@3x.png */ = {isa = PBXFileReference; lastKnownFileType = image.png; path = "map_pin_red@3x.png"; sourceTree = "<group>"; };
		8EC68ADA29588853001F3C77 /* daum_copyright.png */ = {isa = PBXFileReference; lastKnownFileType = image.png; path = daum_copyright.png; sourceTree = "<group>"; };
		8EC68ADB29588853001F3C77 /* map_pin@3x.png */ = {isa = PBXFileReference; lastKnownFileType = image.png; path = "map_pin@3x.png"; sourceTree = "<group>"; };
		8EC68ADC29588853001F3C77 /* map_present_tracking.png */ = {isa = PBXFileReference; lastKnownFileType = image.png; path = map_present_tracking.png; sourceTree = "<group>"; };
		8EC68ADD29588853001F3C77 /* map_pin_red.png */ = {isa = PBXFileReference; lastKnownFileType = image.png; path = map_pin_red.png; sourceTree = "<group>"; };
		8EC68ADF29588853001F3C77 /* MTMapPOIItem.h */ = {isa = PBXFileReference; fileEncoding = 4; lastKnownFileType = sourcecode.c.h; path = MTMapPOIItem.h; sourceTree = "<group>"; };
		8EC68AE029588853001F3C77 /* MTMapCameraUpdate.h */ = {isa = PBXFileReference; fileEncoding = 4; lastKnownFileType = sourcecode.c.h; path = MTMapCameraUpdate.h; sourceTree = "<group>"; };
		8EC68AE129588853001F3C77 /* MTMapReverseGeoCoder.h */ = {isa = PBXFileReference; fileEncoding = 4; lastKnownFileType = sourcecode.c.h; path = MTMapReverseGeoCoder.h; sourceTree = "<group>"; };
		8EC68AE229588853001F3C77 /* MTMapPolyline.h */ = {isa = PBXFileReference; fileEncoding = 4; lastKnownFileType = sourcecode.c.h; path = MTMapPolyline.h; sourceTree = "<group>"; };
		8EC68AE329588853001F3C77 /* MTMapLocationMarkerItem.h */ = {isa = PBXFileReference; fileEncoding = 4; lastKnownFileType = sourcecode.c.h; path = MTMapLocationMarkerItem.h; sourceTree = "<group>"; };
		8EC68AE429588853001F3C77 /* MTMapView.h */ = {isa = PBXFileReference; fileEncoding = 4; lastKnownFileType = sourcecode.c.h; path = MTMapView.h; sourceTree = "<group>"; };
		8EC68AE529588853001F3C77 /* MTMapGeometry.h */ = {isa = PBXFileReference; fileEncoding = 4; lastKnownFileType = sourcecode.c.h; path = MTMapGeometry.h; sourceTree = "<group>"; };
		8EC68AE629588853001F3C77 /* MTMapCircle.h */ = {isa = PBXFileReference; fileEncoding = 4; lastKnownFileType = sourcecode.c.h; path = MTMapCircle.h; sourceTree = "<group>"; };
		8EC68AE729588853001F3C77 /* info_box.png */ = {isa = PBXFileReference; lastKnownFileType = image.png; path = info_box.png; sourceTree = "<group>"; };
		8EC68AE829588853001F3C77 /* point_sprite.png */ = {isa = PBXFileReference; lastKnownFileType = image.png; path = point_sprite.png; sourceTree = "<group>"; };
		8EC68AE929588853001F3C77 /* map_pinup_custom.png */ = {isa = PBXFileReference; lastKnownFileType = image.png; path = map_pinup_custom.png; sourceTree = "<group>"; };
		8EC68AEA29588853001F3C77 /* info_box_tail.png */ = {isa = PBXFileReference; lastKnownFileType = image.png; path = info_box_tail.png; sourceTree = "<group>"; };
		8EC68AEB29588853001F3C77 /* noimage256.png */ = {isa = PBXFileReference; lastKnownFileType = image.png; path = noimage256.png; sourceTree = "<group>"; };
		8EC68AEC29588853001F3C77 /* map_present_direction.png */ = {isa = PBXFileReference; lastKnownFileType = image.png; path = map_present_direction.png; sourceTree = "<group>"; };
		8EC68AED29588853001F3C77 /* map_pin.png */ = {isa = PBXFileReference; lastKnownFileType = image.png; path = map_pin.png; sourceTree = "<group>"; };
		8EC68AEE29588853001F3C77 /* map_present.png */ = {isa = PBXFileReference; lastKnownFileType = image.png; path = map_present.png; sourceTree = "<group>"; };
		8EC68AEF29588853001F3C77 /* noimage.png */ = {isa = PBXFileReference; lastKnownFileType = image.png; path = noimage.png; sourceTree = "<group>"; };
		8EC68AF029588853001F3C77 /* map_present_background_update.png */ = {isa = PBXFileReference; lastKnownFileType = image.png; path = map_present_background_update.png; sourceTree = "<group>"; };
		8EC68AF129588853001F3C77 /* daum_th_line.png */ = {isa = PBXFileReference; lastKnownFileType = image.png; path = daum_th_line.png; sourceTree = "<group>"; };
		8EC68AF229588853001F3C77 /* map_pin_shadow.png */ = {isa = PBXFileReference; lastKnownFileType = image.png; path = map_pin_shadow.png; sourceTree = "<group>"; };
		8EC68AF329588853001F3C77 /* DaumMap.framework */ = {isa = PBXFileReference; lastKnownFileType = wrapper.framework; path = DaumMap.framework; sourceTree = "<group>"; };
		8ECCA4582A288B0100381823 /* SearchAPI.swift */ = {isa = PBXFileReference; lastKnownFileType = sourcecode.swift; path = SearchAPI.swift; sourceTree = "<group>"; };
		98EBFCA9F36660DE2BEC24E7 /* Pods-19.FIndCVS.debug.xcconfig */ = {isa = PBXFileReference; includeInIndex = 1; lastKnownFileType = text.xcconfig; name = "Pods-19.FIndCVS.debug.xcconfig"; path = "Target Support Files/Pods-19.FIndCVS/Pods-19.FIndCVS.debug.xcconfig"; sourceTree = "<group>"; };
		FE377C98B40D3DBF3E1A96DA /* Pods-FindCVS.release.xcconfig */ = {isa = PBXFileReference; includeInIndex = 1; lastKnownFileType = text.xcconfig; name = "Pods-FindCVS.release.xcconfig"; path = "Target Support Files/Pods-FindCVS/Pods-FindCVS.release.xcconfig"; sourceTree = "<group>"; };
/* End PBXFileReference section */

/* Begin PBXFrameworksBuildPhase section */
		8E77B4C129533B8E00CEBBC8 /* Frameworks */ = {
			isa = PBXFrameworksBuildPhase;
			buildActionMask = 2147483647;
			files = (
				8E77B53129533EED00CEBBC8 /* libsqlite3.tbd in Frameworks */,
				8E77B52F29533EE400CEBBC8 /* libxml2.tbd in Frameworks */,
				8EC68B0F29588854001F3C77 /* DaumMap.framework in Frameworks */,
				8E77B52D29533ED900CEBBC8 /* libc++.tbd in Frameworks */,
				8E77B52B29533ECE00CEBBC8 /* QuartzCore.framework in Frameworks */,
				8E77B52929533EC400CEBBC8 /* CoreLocation.framework in Frameworks */,
				8E77B52729533EB600CEBBC8 /* SystemConfiguration.framework in Frameworks */,
				8E77B52529533EAD00CEBBC8 /* OpenGLES.framework in Frameworks */,
				3AAE593C11B934B9C2498F0D /* Pods_FindCVS.framework in Frameworks */,
			);
			runOnlyForDeploymentPostprocessing = 0;
		};
/* End PBXFrameworksBuildPhase section */

/* Begin PBXGroup section */
		8E4CFD7D2955E4330052D65C /* Entity */ = {
			isa = PBXGroup;
			children = (
				8E4CFD7B2955E4290052D65C /* LocationData.swift */,
				8E4CFD7E2955E4630052D65C /* KLDocument.swift */,
				8E4CFD802955E5170052D65C /* DetailListCellData.swift */,
			);
			path = Entity;
			sourceTree = "<group>";
		};
		8E5F74D4299E0E93001D81A4 /* Scene */ = {
			isa = PBXGroup;
			children = (
				8E5F74D5299E0EAF001D81A4 /* MainView */,
				8ECCA45B2A288B3700381823 /* DetailListView */,
			);
			path = Scene;
			sourceTree = "<group>";
		};
		8E5F74D5299E0EAF001D81A4 /* MainView */ = {
			isa = PBXGroup;
			children = (
				8EC68AC7295886A6001F3C77 /* MainViewController.swift */,
				8E20ADBF2A3586D80057B256 /* MainModel.swift */,
				8E1831B92959AC390085AC16 /* MainViewModel.swift */,
			);
			path = MainView;
			sourceTree = "<group>";
		};
		8E77B4BB29533B8E00CEBBC8 = {
			isa = PBXGroup;
			children = (
				8E77B4C629533B8E00CEBBC8 /* FindCVS */,
				8E77B4C529533B8E00CEBBC8 /* Products */,
				8E77B52329533EAD00CEBBC8 /* Frameworks */,
				C5CA28169BAAEE0D68349877 /* Pods */,
			);
			sourceTree = "<group>";
		};
		8E77B4C529533B8E00CEBBC8 /* Products */ = {
			isa = PBXGroup;
			children = (
				8E77B4C429533B8E00CEBBC8 /* FindCVS.app */,
			);
			name = Products;
			sourceTree = "<group>";
		};
		8E77B4C629533B8E00CEBBC8 /* FindCVS */ = {
			isa = PBXGroup;
			children = (
				8E77B4C729533B8E00CEBBC8 /* AppDelegate.swift */,
				8E77B4C929533B8E00CEBBC8 /* SceneDelegate.swift */,
				8E1831BB295B09140085AC16 /* MTMapViewError.swift */,
				8ECCA45A2A288B1200381823 /* Network */,
				8E5F74D4299E0E93001D81A4 /* Scene */,
				8E4CFD7D2955E4330052D65C /* Entity */,
				8E77B4D029533B9100CEBBC8 /* Assets.xcassets */,
				8E77B4D229533B9100CEBBC8 /* LaunchScreen.storyboard */,
				8E77B4D529533B9100CEBBC8 /* Info.plist */,
				8E77B52229533E3800CEBBC8 /* BridgingHeader.h */,
			);
			path = FindCVS;
			sourceTree = "<group>";
		};
		8E77B52329533EAD00CEBBC8 /* Frameworks */ = {
			isa = PBXGroup;
			children = (
				8EC68ACD29588853001F3C77 /* DaumMap.embeddedframework */,
				8E77B53029533EED00CEBBC8 /* libsqlite3.tbd */,
				8E77B52E29533EE400CEBBC8 /* libxml2.tbd */,
				8E77B52C29533ED900CEBBC8 /* libc++.tbd */,
				8E77B52A29533ECE00CEBBC8 /* QuartzCore.framework */,
				8E77B52829533EC400CEBBC8 /* CoreLocation.framework */,
				8E77B52629533EB600CEBBC8 /* SystemConfiguration.framework */,
				8E77B52429533EAD00CEBBC8 /* OpenGLES.framework */,
				7A059E9569BDCB2EBF991D8E /* Pods_FindCVS.framework */,
				256B160AFD984CD0FFB67FF1 /* Pods_FindCVSTests.framework */,
			);
			name = Frameworks;
			sourceTree = "<group>";
		};
		8EC68ACD29588853001F3C77 /* DaumMap.embeddedframework */ = {
			isa = PBXGroup;
			children = (
				8EC68ACE29588853001F3C77 /* Resources */,
				8EC68AF329588853001F3C77 /* DaumMap.framework */,
			);
			path = DaumMap.embeddedframework;
			sourceTree = "<group>";
		};
		8EC68ACE29588853001F3C77 /* Resources */ = {
			isa = PBXGroup;
			children = (
				8EC68ACF29588853001F3C77 /* map_pinup_custom@3x.png */,
				8EC68AD029588853001F3C77 /* map_pin_custom.png */,
				8EC68AD129588853001F3C77 /* shadow_balloon.png */,
				8EC68AD229588853001F3C77 /* map_pinup.png */,
				8EC68AD329588853001F3C77 /* detail_button.png */,
				8EC68AD429588853001F3C77 /* map_pin_custom@3x.png */,
				8EC68AD529588853001F3C77 /* map_pinup@3x.png */,
				8EC68AD629588853001F3C77 /* map_pin_shadow@3x.png */,
				8EC68AD729588853001F3C77 /* copyright.png */,
				8EC68AD829588853001F3C77 /* th_line.png */,
				8EC68AD929588853001F3C77 /* map_pin_red@3x.png */,
				8EC68ADA29588853001F3C77 /* daum_copyright.png */,
				8EC68ADB29588853001F3C77 /* map_pin@3x.png */,
				8EC68ADC29588853001F3C77 /* map_present_tracking.png */,
				8EC68ADD29588853001F3C77 /* map_pin_red.png */,
				8EC68ADE29588853001F3C77 /* Headers */,
				8EC68AE729588853001F3C77 /* info_box.png */,
				8EC68AE829588853001F3C77 /* point_sprite.png */,
				8EC68AE929588853001F3C77 /* map_pinup_custom.png */,
				8EC68AEA29588853001F3C77 /* info_box_tail.png */,
				8EC68AEB29588853001F3C77 /* noimage256.png */,
				8EC68AEC29588853001F3C77 /* map_present_direction.png */,
				8EC68AED29588853001F3C77 /* map_pin.png */,
				8EC68AEE29588853001F3C77 /* map_present.png */,
				8EC68AEF29588853001F3C77 /* noimage.png */,
				8EC68AF029588853001F3C77 /* map_present_background_update.png */,
				8EC68AF129588853001F3C77 /* daum_th_line.png */,
				8EC68AF229588853001F3C77 /* map_pin_shadow.png */,
			);
			path = Resources;
			sourceTree = "<group>";
		};
		8EC68ADE29588853001F3C77 /* Headers */ = {
			isa = PBXGroup;
			children = (
				8EC68ADF29588853001F3C77 /* MTMapPOIItem.h */,
				8EC68AE029588853001F3C77 /* MTMapCameraUpdate.h */,
				8EC68AE129588853001F3C77 /* MTMapReverseGeoCoder.h */,
				8EC68AE229588853001F3C77 /* MTMapPolyline.h */,
				8EC68AE329588853001F3C77 /* MTMapLocationMarkerItem.h */,
				8EC68AE429588853001F3C77 /* MTMapView.h */,
				8EC68AE529588853001F3C77 /* MTMapGeometry.h */,
				8EC68AE629588853001F3C77 /* MTMapCircle.h */,
			);
			path = Headers;
			sourceTree = "<group>";
		};
		8ECCA45A2A288B1200381823 /* Network */ = {
			isa = PBXGroup;
			children = (
				8ECCA4582A288B0100381823 /* SearchAPI.swift */,
				8E20ADBD2A35838B0057B256 /* LocalNetwork.swift */,
			);
			path = Network;
			sourceTree = "<group>";
		};
		8ECCA45B2A288B3700381823 /* DetailListView */ = {
			isa = PBXGroup;
			children = (
				8E6551B42A17AB9100574842 /* DetailListCell.swift */,
				8E6551B62A17B58900574842 /* DetailListBackgroudView.swift */,
				8E6551B82A17B59B00574842 /* DetailListBackgroundViewModel.swift */,
			);
			path = DetailListView;
			sourceTree = "<group>";
		};
		C5CA28169BAAEE0D68349877 /* Pods */ = {
			isa = PBXGroup;
			children = (
				98EBFCA9F36660DE2BEC24E7 /* Pods-19.FIndCVS.debug.xcconfig */,
				30987CF77E9E82BD77E6B344 /* Pods-19.FIndCVS.release.xcconfig */,
				657334952D964494F4D02FFA /* Pods-19.FIndCVSTests.debug.xcconfig */,
				06450463F5FC5AF50E5AAC5D /* Pods-19.FIndCVSTests.release.xcconfig */,
				475D09F5EFBD2CBB4019B5D8 /* Pods-FindCVS.debug.xcconfig */,
				FE377C98B40D3DBF3E1A96DA /* Pods-FindCVS.release.xcconfig */,
				12318ED75ADEE6D8C9785C3D /* Pods-FindCVSTests.debug.xcconfig */,
				63CB65BD2E5A97273552BD27 /* Pods-FindCVSTests.release.xcconfig */,
			);
			path = Pods;
			sourceTree = "<group>";
		};
/* End PBXGroup section */

/* Begin PBXNativeTarget section */
		8E77B4C329533B8E00CEBBC8 /* FindCVS */ = {
			isa = PBXNativeTarget;
			buildConfigurationList = 8E77B4D829533B9100CEBBC8 /* Build configuration list for PBXNativeTarget "FindCVS" */;
			buildPhases = (
				E203AC5264A6A190FBF68E7C /* [CP] Check Pods Manifest.lock */,
				8E77B4C029533B8E00CEBBC8 /* Sources */,
				8E77B4C129533B8E00CEBBC8 /* Frameworks */,
				8E77B4C229533B8E00CEBBC8 /* Resources */,
				5687DFB68489BE39619F1419 /* [CP] Embed Pods Frameworks */,
			);
			buildRules = (
			);
			dependencies = (
			);
			name = FindCVS;
			productName = 19.FIndCVS;
			productReference = 8E77B4C429533B8E00CEBBC8 /* FindCVS.app */;
			productType = "com.apple.product-type.application";
		};
/* End PBXNativeTarget section */

/* Begin PBXProject section */
		8E77B4BC29533B8E00CEBBC8 /* Project object */ = {
			isa = PBXProject;
			attributes = {
				BuildIndependentTargetsInParallel = 1;
				LastSwiftUpdateCheck = 1420;
				LastUpgradeCheck = 1420;
				TargetAttributes = {
					8E77B4C329533B8E00CEBBC8 = {
						CreatedOnToolsVersion = 14.2;
					};
				};
			};
			buildConfigurationList = 8E77B4BF29533B8E00CEBBC8 /* Build configuration list for PBXProject "FindCVS" */;
			compatibilityVersion = "Xcode 14.0";
			developmentRegion = en;
			hasScannedForEncodings = 0;
			knownRegions = (
				en,
				Base,
			);
			mainGroup = 8E77B4BB29533B8E00CEBBC8;
			productRefGroup = 8E77B4C529533B8E00CEBBC8 /* Products */;
			projectDirPath = "";
			projectRoot = "";
			targets = (
				8E77B4C329533B8E00CEBBC8 /* FindCVS */,
			);
		};
/* End PBXProject section */

/* Begin PBXResourcesBuildPhase section */
		8E77B4C229533B8E00CEBBC8 /* Resources */ = {
			isa = PBXResourcesBuildPhase;
			buildActionMask = 2147483647;
			files = (
				8EC68B0629588854001F3C77 /* info_box_tail.png in Resources */,
				8EC68AFB29588853001F3C77 /* map_pin_shadow@3x.png in Resources */,
				8EC68B0929588854001F3C77 /* map_pin.png in Resources */,
				8EC68B0229588854001F3C77 /* map_pin_red.png in Resources */,
				8EC68AFA29588853001F3C77 /* map_pinup@3x.png in Resources */,
				8EC68B0429588854001F3C77 /* point_sprite.png in Resources */,
				8EC68B0029588854001F3C77 /* map_pin@3x.png in Resources */,
				8EC68B0729588854001F3C77 /* noimage256.png in Resources */,
				8EC68B0A29588854001F3C77 /* map_present.png in Resources */,
				8EC68AFF29588853001F3C77 /* daum_copyright.png in Resources */,
				8EC68AFC29588853001F3C77 /* copyright.png in Resources */,
				8EC68AF629588853001F3C77 /* shadow_balloon.png in Resources */,
				8EC68AF929588853001F3C77 /* map_pin_custom@3x.png in Resources */,
				8EC68AFD29588853001F3C77 /* th_line.png in Resources */,
				8EC68B0529588854001F3C77 /* map_pinup_custom.png in Resources */,
				8E77B4D429533B9100CEBBC8 /* LaunchScreen.storyboard in Resources */,
				8EC68B0D29588854001F3C77 /* daum_th_line.png in Resources */,
				8EC68AF429588853001F3C77 /* map_pinup_custom@3x.png in Resources */,
				8E77B4D129533B9100CEBBC8 /* Assets.xcassets in Resources */,
				8EC68B0129588854001F3C77 /* map_present_tracking.png in Resources */,
				8EC68B0E29588854001F3C77 /* map_pin_shadow.png in Resources */,
				8EC68B0829588854001F3C77 /* map_present_direction.png in Resources */,
				8EC68B0C29588854001F3C77 /* map_present_background_update.png in Resources */,
				8EC68AF829588853001F3C77 /* detail_button.png in Resources */,
				8EC68AFE29588853001F3C77 /* map_pin_red@3x.png in Resources */,
				8EC68B0B29588854001F3C77 /* noimage.png in Resources */,
				8EC68B0329588854001F3C77 /* info_box.png in Resources */,
				8EC68AF529588853001F3C77 /* map_pin_custom.png in Resources */,
				8EC68AF729588853001F3C77 /* map_pinup.png in Resources */,
			);
			runOnlyForDeploymentPostprocessing = 0;
		};
/* End PBXResourcesBuildPhase section */

/* Begin PBXShellScriptBuildPhase section */
		5687DFB68489BE39619F1419 /* [CP] Embed Pods Frameworks */ = {
			isa = PBXShellScriptBuildPhase;
			buildActionMask = 2147483647;
			files = (
			);
			inputFileListPaths = (
				"${PODS_ROOT}/Target Support Files/Pods-FindCVS/Pods-FindCVS-frameworks-${CONFIGURATION}-input-files.xcfilelist",
			);
			name = "[CP] Embed Pods Frameworks";
			outputFileListPaths = (
				"${PODS_ROOT}/Target Support Files/Pods-FindCVS/Pods-FindCVS-frameworks-${CONFIGURATION}-output-files.xcfilelist",
			);
			runOnlyForDeploymentPostprocessing = 0;
			shellPath = /bin/sh;
			shellScript = "\"${PODS_ROOT}/Target Support Files/Pods-FindCVS/Pods-FindCVS-frameworks.sh\"\n";
			showEnvVarsInLog = 0;
		};
		E203AC5264A6A190FBF68E7C /* [CP] Check Pods Manifest.lock */ = {
			isa = PBXShellScriptBuildPhase;
			buildActionMask = 2147483647;
			files = (
			);
			inputFileListPaths = (
			);
			inputPaths = (
				"${PODS_PODFILE_DIR_PATH}/Podfile.lock",
				"${PODS_ROOT}/Manifest.lock",
			);
			name = "[CP] Check Pods Manifest.lock";
			outputFileListPaths = (
			);
			outputPaths = (
				"$(DERIVED_FILE_DIR)/Pods-FindCVS-checkManifestLockResult.txt",
			);
			runOnlyForDeploymentPostprocessing = 0;
			shellPath = /bin/sh;
			shellScript = "diff \"${PODS_PODFILE_DIR_PATH}/Podfile.lock\" \"${PODS_ROOT}/Manifest.lock\" > /dev/null\nif [ $? != 0 ] ; then\n    # print error to STDERR\n    echo \"error: The sandbox is not in sync with the Podfile.lock. Run 'pod install' or update your CocoaPods installation.\" >&2\n    exit 1\nfi\n# This output is used by Xcode 'outputs' to avoid re-running this script phase.\necho \"SUCCESS\" > \"${SCRIPT_OUTPUT_FILE_0}\"\n";
			showEnvVarsInLog = 0;
		};
/* End PBXShellScriptBuildPhase section */

/* Begin PBXSourcesBuildPhase section */
		8E77B4C029533B8E00CEBBC8 /* Sources */ = {
			isa = PBXSourcesBuildPhase;
			buildActionMask = 2147483647;
			files = (
				8E1831BA2959AC390085AC16 /* MainViewModel.swift in Sources */,
				8E4CFD7C2955E4290052D65C /* LocationData.swift in Sources */,
				8ECCA4592A288B0100381823 /* SearchAPI.swift in Sources */,
				8E6551B92A17B59B00574842 /* DetailListBackgroundViewModel.swift in Sources */,
				8E20ADBE2A35838B0057B256 /* LocalNetwork.swift in Sources */,
				8E6551B72A17B58900574842 /* DetailListBackgroudView.swift in Sources */,
				8E4CFD7F2955E4630052D65C /* KLDocument.swift in Sources */,
				8E1831BC295B09140085AC16 /* MTMapViewError.swift in Sources */,
				8E6551B52A17AB9100574842 /* DetailListCell.swift in Sources */,
				8E77B4C829533B8E00CEBBC8 /* AppDelegate.swift in Sources */,
				8E20ADC02A3586D80057B256 /* MainModel.swift in Sources */,
				8EC68AC8295886A6001F3C77 /* MainViewController.swift in Sources */,
				8E4CFD812955E5170052D65C /* DetailListCellData.swift in Sources */,
				8E77B4CA29533B8E00CEBBC8 /* SceneDelegate.swift in Sources */,
			);
			runOnlyForDeploymentPostprocessing = 0;
		};
/* End PBXSourcesBuildPhase section */

/* Begin PBXVariantGroup section */
		8E77B4D229533B9100CEBBC8 /* LaunchScreen.storyboard */ = {
			isa = PBXVariantGroup;
			children = (
				8E77B4D329533B9100CEBBC8 /* Base */,
			);
			name = LaunchScreen.storyboard;
			sourceTree = "<group>";
		};
/* End PBXVariantGroup section */

/* Begin XCBuildConfiguration section */
		8E77B4D629533B9100CEBBC8 /* Debug */ = {
			isa = XCBuildConfiguration;
			buildSettings = {
				ALWAYS_SEARCH_USER_PATHS = NO;
				CLANG_ANALYZER_NONNULL = YES;
				CLANG_ANALYZER_NUMBER_OBJECT_CONVERSION = YES_AGGRESSIVE;
				CLANG_CXX_LANGUAGE_STANDARD = "gnu++20";
				CLANG_ENABLE_MODULES = YES;
				CLANG_ENABLE_OBJC_ARC = NO;
				CLANG_ENABLE_OBJC_WEAK = YES;
				CLANG_WARN_BLOCK_CAPTURE_AUTORELEASING = YES;
				CLANG_WARN_BOOL_CONVERSION = YES;
				CLANG_WARN_COMMA = YES;
				CLANG_WARN_CONSTANT_CONVERSION = YES;
				CLANG_WARN_DEPRECATED_OBJC_IMPLEMENTATIONS = YES;
				CLANG_WARN_DIRECT_OBJC_ISA_USAGE = YES_ERROR;
				CLANG_WARN_DOCUMENTATION_COMMENTS = YES;
				CLANG_WARN_EMPTY_BODY = YES;
				CLANG_WARN_ENUM_CONVERSION = YES;
				CLANG_WARN_INFINITE_RECURSION = YES;
				CLANG_WARN_INT_CONVERSION = YES;
				CLANG_WARN_NON_LITERAL_NULL_CONVERSION = YES;
				CLANG_WARN_OBJC_IMPLICIT_RETAIN_SELF = YES;
				CLANG_WARN_OBJC_LITERAL_CONVERSION = YES;
				CLANG_WARN_OBJC_ROOT_CLASS = YES_ERROR;
				CLANG_WARN_QUOTED_INCLUDE_IN_FRAMEWORK_HEADER = YES;
				CLANG_WARN_RANGE_LOOP_ANALYSIS = YES;
				CLANG_WARN_STRICT_PROTOTYPES = YES;
				CLANG_WARN_SUSPICIOUS_MOVE = YES;
				CLANG_WARN_UNGUARDED_AVAILABILITY = YES_AGGRESSIVE;
				CLANG_WARN_UNREACHABLE_CODE = YES;
				CLANG_WARN__DUPLICATE_METHOD_MATCH = YES;
				COPY_PHASE_STRIP = NO;
				DEBUG_INFORMATION_FORMAT = dwarf;
				ENABLE_STRICT_OBJC_MSGSEND = YES;
				ENABLE_TESTABILITY = YES;
				GCC_C_LANGUAGE_STANDARD = gnu11;
				GCC_DYNAMIC_NO_PIC = NO;
				GCC_NO_COMMON_BLOCKS = YES;
				GCC_OPTIMIZATION_LEVEL = 0;
				GCC_PREPROCESSOR_DEFINITIONS = (
					"DEBUG=1",
					"$(inherited)",
				);
				GCC_WARN_64_TO_32_BIT_CONVERSION = YES;
				GCC_WARN_ABOUT_RETURN_TYPE = YES_ERROR;
				GCC_WARN_UNDECLARED_SELECTOR = YES;
				GCC_WARN_UNINITIALIZED_AUTOS = YES_AGGRESSIVE;
				GCC_WARN_UNUSED_FUNCTION = YES;
				GCC_WARN_UNUSED_VARIABLE = YES;
				IPHONEOS_DEPLOYMENT_TARGET = 16.2;
				MTL_ENABLE_DEBUG_INFO = INCLUDE_SOURCE;
				MTL_FAST_MATH = YES;
				ONLY_ACTIVE_ARCH = YES;
				SDKROOT = iphoneos;
				SWIFT_ACTIVE_COMPILATION_CONDITIONS = DEBUG;
				SWIFT_OPTIMIZATION_LEVEL = "-Onone";
			};
			name = Debug;
		};
		8E77B4D729533B9100CEBBC8 /* Release */ = {
			isa = XCBuildConfiguration;
			buildSettings = {
				ALWAYS_SEARCH_USER_PATHS = NO;
				CLANG_ANALYZER_NONNULL = YES;
				CLANG_ANALYZER_NUMBER_OBJECT_CONVERSION = YES_AGGRESSIVE;
				CLANG_CXX_LANGUAGE_STANDARD = "gnu++20";
				CLANG_ENABLE_MODULES = YES;
				CLANG_ENABLE_OBJC_ARC = NO;
				CLANG_ENABLE_OBJC_WEAK = YES;
				CLANG_WARN_BLOCK_CAPTURE_AUTORELEASING = YES;
				CLANG_WARN_BOOL_CONVERSION = YES;
				CLANG_WARN_COMMA = YES;
				CLANG_WARN_CONSTANT_CONVERSION = YES;
				CLANG_WARN_DEPRECATED_OBJC_IMPLEMENTATIONS = YES;
				CLANG_WARN_DIRECT_OBJC_ISA_USAGE = YES_ERROR;
				CLANG_WARN_DOCUMENTATION_COMMENTS = YES;
				CLANG_WARN_EMPTY_BODY = YES;
				CLANG_WARN_ENUM_CONVERSION = YES;
				CLANG_WARN_INFINITE_RECURSION = YES;
				CLANG_WARN_INT_CONVERSION = YES;
				CLANG_WARN_NON_LITERAL_NULL_CONVERSION = YES;
				CLANG_WARN_OBJC_IMPLICIT_RETAIN_SELF = YES;
				CLANG_WARN_OBJC_LITERAL_CONVERSION = YES;
				CLANG_WARN_OBJC_ROOT_CLASS = YES_ERROR;
				CLANG_WARN_QUOTED_INCLUDE_IN_FRAMEWORK_HEADER = YES;
				CLANG_WARN_RANGE_LOOP_ANALYSIS = YES;
				CLANG_WARN_STRICT_PROTOTYPES = YES;
				CLANG_WARN_SUSPICIOUS_MOVE = YES;
				CLANG_WARN_UNGUARDED_AVAILABILITY = YES_AGGRESSIVE;
				CLANG_WARN_UNREACHABLE_CODE = YES;
				CLANG_WARN__DUPLICATE_METHOD_MATCH = YES;
				COPY_PHASE_STRIP = NO;
				DEBUG_INFORMATION_FORMAT = "dwarf-with-dsym";
				ENABLE_NS_ASSERTIONS = NO;
				ENABLE_STRICT_OBJC_MSGSEND = YES;
				GCC_C_LANGUAGE_STANDARD = gnu11;
				GCC_NO_COMMON_BLOCKS = YES;
				GCC_WARN_64_TO_32_BIT_CONVERSION = YES;
				GCC_WARN_ABOUT_RETURN_TYPE = YES_ERROR;
				GCC_WARN_UNDECLARED_SELECTOR = YES;
				GCC_WARN_UNINITIALIZED_AUTOS = YES_AGGRESSIVE;
				GCC_WARN_UNUSED_FUNCTION = YES;
				GCC_WARN_UNUSED_VARIABLE = YES;
				IPHONEOS_DEPLOYMENT_TARGET = 16.2;
				MTL_ENABLE_DEBUG_INFO = NO;
				MTL_FAST_MATH = YES;
				SDKROOT = iphoneos;
				SWIFT_COMPILATION_MODE = wholemodule;
				SWIFT_OPTIMIZATION_LEVEL = "-O";
				VALIDATE_PRODUCT = YES;
			};
			name = Release;
		};
		8E77B4D929533B9100CEBBC8 /* Debug */ = {
			isa = XCBuildConfiguration;
			baseConfigurationReference = 475D09F5EFBD2CBB4019B5D8 /* Pods-FindCVS.debug.xcconfig */;
			buildSettings = {
				ASSETCATALOG_COMPILER_APPICON_NAME = AppIcon;
				ASSETCATALOG_COMPILER_GLOBAL_ACCENT_COLOR_NAME = AccentColor;
				CODE_SIGN_STYLE = Automatic;
				CURRENT_PROJECT_VERSION = 1;
				DEVELOPMENT_TEAM = A8PCCQAZN2;
				FRAMEWORK_SEARCH_PATHS = (
					"$(inherited)",
					"$(PROJECT_DIR)/DaumMap.embeddedframework",
				);
				GENERATE_INFOPLIST_FILE = YES;
				INFOPLIST_FILE = FindCVS/Info.plist;
				INFOPLIST_KEY_UIApplicationSupportsIndirectInputEvents = YES;
				INFOPLIST_KEY_UILaunchStoryboardName = LaunchScreen;
				INFOPLIST_KEY_UISupportedInterfaceOrientations_iPad = "UIInterfaceOrientationPortrait UIInterfaceOrientationPortraitUpsideDown UIInterfaceOrientationLandscapeLeft UIInterfaceOrientationLandscapeRight";
				INFOPLIST_KEY_UISupportedInterfaceOrientations_iPhone = "UIInterfaceOrientationPortrait UIInterfaceOrientationLandscapeLeft UIInterfaceOrientationLandscapeRight";
				LD_RUNPATH_SEARCH_PATHS = (
					"$(inherited)",
					"@executable_path/Frameworks",
				);
				MARKETING_VERSION = 1.0;
				PRODUCT_BUNDLE_IDENTIFIER = com.zoa0945.FindCVS;
				PRODUCT_NAME = "$(TARGET_NAME)";
				SWIFT_EMIT_LOC_STRINGS = YES;
				SWIFT_OBJC_BRIDGING_HEADER = /Users/zoa0945/Desktop/swift/FastCampus/19.FIndCVS/19.FIndCVS/BridgingHeader.h;
				SWIFT_VERSION = 5.0;
				TARGETED_DEVICE_FAMILY = "1,2";
			};
			name = Debug;
		};
		8E77B4DA29533B9100CEBBC8 /* Release */ = {
			isa = XCBuildConfiguration;
			baseConfigurationReference = FE377C98B40D3DBF3E1A96DA /* Pods-FindCVS.release.xcconfig */;
			buildSettings = {
				ASSETCATALOG_COMPILER_APPICON_NAME = AppIcon;
				ASSETCATALOG_COMPILER_GLOBAL_ACCENT_COLOR_NAME = AccentColor;
				CODE_SIGN_STYLE = Automatic;
				CURRENT_PROJECT_VERSION = 1;
				DEVELOPMENT_TEAM = A8PCCQAZN2;
				FRAMEWORK_SEARCH_PATHS = (
					"$(inherited)",
					"$(PROJECT_DIR)/DaumMap.embeddedframework",
				);
				GENERATE_INFOPLIST_FILE = YES;
				INFOPLIST_FILE = FindCVS/Info.plist;
				INFOPLIST_KEY_UIApplicationSupportsIndirectInputEvents = YES;
				INFOPLIST_KEY_UILaunchStoryboardName = LaunchScreen;
				INFOPLIST_KEY_UISupportedInterfaceOrientations_iPad = "UIInterfaceOrientationPortrait UIInterfaceOrientationPortraitUpsideDown UIInterfaceOrientationLandscapeLeft UIInterfaceOrientationLandscapeRight";
				INFOPLIST_KEY_UISupportedInterfaceOrientations_iPhone = "UIInterfaceOrientationPortrait UIInterfaceOrientationLandscapeLeft UIInterfaceOrientationLandscapeRight";
				LD_RUNPATH_SEARCH_PATHS = (
					"$(inherited)",
					"@executable_path/Frameworks",
				);
				MARKETING_VERSION = 1.0;
				PRODUCT_BUNDLE_IDENTIFIER = com.zoa0945.FindCVS;
				PRODUCT_NAME = "$(TARGET_NAME)";
				SWIFT_EMIT_LOC_STRINGS = YES;
				SWIFT_OBJC_BRIDGING_HEADER = /Users/zoa0945/Desktop/swift/FastCampus/19.FIndCVS/19.FIndCVS/BridgingHeader.h;
				SWIFT_VERSION = 5.0;
				TARGETED_DEVICE_FAMILY = "1,2";
			};
			name = Release;
		};
/* End XCBuildConfiguration section */

/* Begin XCConfigurationList section */
		8E77B4BF29533B8E00CEBBC8 /* Build configuration list for PBXProject "FindCVS" */ = {
			isa = XCConfigurationList;
			buildConfigurations = (
				8E77B4D629533B9100CEBBC8 /* Debug */,
				8E77B4D729533B9100CEBBC8 /* Release */,
			);
			defaultConfigurationIsVisible = 0;
			defaultConfigurationName = Release;
		};
		8E77B4D829533B9100CEBBC8 /* Build configuration list for PBXNativeTarget "FindCVS" */ = {
			isa = XCConfigurationList;
			buildConfigurations = (
				8E77B4D929533B9100CEBBC8 /* Debug */,
				8E77B4DA29533B9100CEBBC8 /* Release */,
			);
			defaultConfigurationIsVisible = 0;
			defaultConfigurationName = Release;
		};
/* End XCConfigurationList section */
	};
	rootObject = 8E77B4BC29533B8E00CEBBC8 /* Project object */;
}
