// !$*UTF8*$!
{
	archiveVersion = 1;
	classes = {
	};
	objectVersion = 55;
	objects = {

/* Begin PBXBuildFile section */
		0410E413280D973D00C1B8AC /* FeedTableViewCell.swift in Sources */ = {isa = PBXBuildFile; fileRef = 0410E412280D973D00C1B8AC /* FeedTableViewCell.swift */; };
		0410E41528117BA100C1B8AC /* UIButton+.swift in Sources */ = {isa = PBXBuildFile; fileRef = 0410E41428117BA000C1B8AC /* UIButton+.swift */; };
		0410E4172813F8D500C1B8AC /* ProfileViewController.swift in Sources */ = {isa = PBXBuildFile; fileRef = 0410E4162813F8D500C1B8AC /* ProfileViewController.swift */; };
		0410E41A2816AABB00C1B8AC /* ProfileDataView.swift in Sources */ = {isa = PBXBuildFile; fileRef = 0410E4192816AABB00C1B8AC /* ProfileDataView.swift */; };
		0410E41D2816AFC300C1B8AC /* ProfileCollectionViewCell.swift in Sources */ = {isa = PBXBuildFile; fileRef = 0410E41C2816AFC300C1B8AC /* ProfileCollectionViewCell.swift */; };
		0410E41F2816DFF500C1B8AC /* UploadViewController.swift in Sources */ = {isa = PBXBuildFile; fileRef = 0410E41E2816DFF500C1B8AC /* UploadViewController.swift */; };
		047899DE280D9036006E3DD8 /* AppDelegate.swift in Sources */ = {isa = PBXBuildFile; fileRef = 047899DD280D9036006E3DD8 /* AppDelegate.swift */; };
		047899E0280D9036006E3DD8 /* SceneDelegate.swift in Sources */ = {isa = PBXBuildFile; fileRef = 047899DF280D9036006E3DD8 /* SceneDelegate.swift */; };
		047899E2280D9036006E3DD8 /* FeedViewController.swift in Sources */ = {isa = PBXBuildFile; fileRef = 047899E1280D9036006E3DD8 /* FeedViewController.swift */; };
		047899E7280D9038006E3DD8 /* Assets.xcassets in Resources */ = {isa = PBXBuildFile; fileRef = 047899E6280D9038006E3DD8 /* Assets.xcassets */; };
		047899EA280D9038006E3DD8 /* LaunchScreen.storyboard in Resources */ = {isa = PBXBuildFile; fileRef = 047899E8280D9038006E3DD8 /* LaunchScreen.storyboard */; };
		047899F2280D911D006E3DD8 /* TabBarController.swift in Sources */ = {isa = PBXBuildFile; fileRef = 047899F1280D911D006E3DD8 /* TabBarController.swift */; };
		047899F6280D9169006E3DD8 /* SnapKit in Frameworks */ = {isa = PBXBuildFile; productRef = 047899F5280D9169006E3DD8 /* SnapKit */; };
/* End PBXBuildFile section */

/* Begin PBXFileReference section */
		0410E412280D973D00C1B8AC /* FeedTableViewCell.swift */ = {isa = PBXFileReference; lastKnownFileType = sourcecode.swift; path = FeedTableViewCell.swift; sourceTree = "<group>"; };
		0410E41428117BA000C1B8AC /* UIButton+.swift */ = {isa = PBXFileReference; lastKnownFileType = sourcecode.swift; path = "UIButton+.swift"; sourceTree = "<group>"; };
		0410E4162813F8D500C1B8AC /* ProfileViewController.swift */ = {isa = PBXFileReference; lastKnownFileType = sourcecode.swift; path = ProfileViewController.swift; sourceTree = "<group>"; };
		0410E4192816AABB00C1B8AC /* ProfileDataView.swift */ = {isa = PBXFileReference; lastKnownFileType = sourcecode.swift; path = ProfileDataView.swift; sourceTree = "<group>"; };
		0410E41C2816AFC300C1B8AC /* ProfileCollectionViewCell.swift */ = {isa = PBXFileReference; lastKnownFileType = sourcecode.swift; path = ProfileCollectionViewCell.swift; sourceTree = "<group>"; };
		0410E41E2816DFF500C1B8AC /* UploadViewController.swift */ = {isa = PBXFileReference; lastKnownFileType = sourcecode.swift; path = UploadViewController.swift; sourceTree = "<group>"; };
		047899DA280D9036006E3DD8 /* InstagramProto.app */ = {isa = PBXFileReference; explicitFileType = wrapper.application; includeInIndex = 0; path = InstagramProto.app; sourceTree = BUILT_PRODUCTS_DIR; };
		047899DD280D9036006E3DD8 /* AppDelegate.swift */ = {isa = PBXFileReference; lastKnownFileType = sourcecode.swift; path = AppDelegate.swift; sourceTree = "<group>"; };
		047899DF280D9036006E3DD8 /* SceneDelegate.swift */ = {isa = PBXFileReference; lastKnownFileType = sourcecode.swift; path = SceneDelegate.swift; sourceTree = "<group>"; };
		047899E1280D9036006E3DD8 /* FeedViewController.swift */ = {isa = PBXFileReference; lastKnownFileType = sourcecode.swift; path = FeedViewController.swift; sourceTree = "<group>"; };
		047899E6280D9038006E3DD8 /* Assets.xcassets */ = {isa = PBXFileReference; lastKnownFileType = folder.assetcatalog; path = Assets.xcassets; sourceTree = "<group>"; };
		047899E9280D9038006E3DD8 /* Base */ = {isa = PBXFileReference; lastKnownFileType = file.storyboard; name = Base; path = Base.lproj/LaunchScreen.storyboard; sourceTree = "<group>"; };
		047899EB280D9038006E3DD8 /* Info.plist */ = {isa = PBXFileReference; lastKnownFileType = text.plist.xml; path = Info.plist; sourceTree = "<group>"; };
		047899F1280D911D006E3DD8 /* TabBarController.swift */ = {isa = PBXFileReference; lastKnownFileType = sourcecode.swift; path = TabBarController.swift; sourceTree = "<group>"; };
/* End PBXFileReference section */

/* Begin PBXFrameworksBuildPhase section */
		047899D7280D9036006E3DD8 /* Frameworks */ = {
			isa = PBXFrameworksBuildPhase;
			buildActionMask = 2147483647;
			files = (
				047899F6280D9169006E3DD8 /* SnapKit in Frameworks */,
			);
			runOnlyForDeploymentPostprocessing = 0;
		};
/* End PBXFrameworksBuildPhase section */

/* Begin PBXGroup section */
		0410E4182816AAA100C1B8AC /* Feed */ = {
			isa = PBXGroup;
			children = (
				047899E1280D9036006E3DD8 /* FeedViewController.swift */,
				0410E412280D973D00C1B8AC /* FeedTableViewCell.swift */,
				0410E41E2816DFF500C1B8AC /* UploadViewController.swift */,
			);
			path = Feed;
			sourceTree = "<group>";
		};
		0410E41B2816AB4000C1B8AC /* Profile */ = {
			isa = PBXGroup;
			children = (
				0410E4162813F8D500C1B8AC /* ProfileViewController.swift */,
				0410E41C2816AFC300C1B8AC /* ProfileCollectionViewCell.swift */,
				0410E4192816AABB00C1B8AC /* ProfileDataView.swift */,
			);
			path = Profile;
			sourceTree = "<group>";
		};
		047899D1280D9036006E3DD8 = {
			isa = PBXGroup;
			children = (
				047899DC280D9036006E3DD8 /* InstagramProto */,
				047899DB280D9036006E3DD8 /* Products */,
			);
			sourceTree = "<group>";
		};
		047899DB280D9036006E3DD8 /* Products */ = {
			isa = PBXGroup;
			children = (
				047899DA280D9036006E3DD8 /* InstagramProto.app */,
			);
			name = Products;
			sourceTree = "<group>";
		};
		047899DC280D9036006E3DD8 /* InstagramProto */ = {
			isa = PBXGroup;
			children = (
				047899DD280D9036006E3DD8 /* AppDelegate.swift */,
				047899DF280D9036006E3DD8 /* SceneDelegate.swift */,
				047899F3280D9125006E3DD8 /* Scene */,
				047899E6280D9038006E3DD8 /* Assets.xcassets */,
				047899E8280D9038006E3DD8 /* LaunchScreen.storyboard */,
				047899EB280D9038006E3DD8 /* Info.plist */,
			);
			path = InstagramProto;
			sourceTree = "<group>";
		};
		047899F3280D9125006E3DD8 /* Scene */ = {
			isa = PBXGroup;
			children = (
				0410E4182816AAA100C1B8AC /* Feed */,
				0410E41B2816AB4000C1B8AC /* Profile */,
				0410E41428117BA000C1B8AC /* UIButton+.swift */,
				047899F1280D911D006E3DD8 /* TabBarController.swift */,
			);
			path = Scene;
			sourceTree = "<group>";
		};
/* End PBXGroup section */

/* Begin PBXNativeTarget section */
		047899D9280D9036006E3DD8 /* InstagramProto */ = {
			isa = PBXNativeTarget;
			buildConfigurationList = 047899EE280D9038006E3DD8 /* Build configuration list for PBXNativeTarget "InstagramProto" */;
			buildPhases = (
				047899D6280D9036006E3DD8 /* Sources */,
				047899D7280D9036006E3DD8 /* Frameworks */,
				047899D8280D9036006E3DD8 /* Resources */,
			);
			buildRules = (
			);
			dependencies = (
			);
			name = InstagramProto;
			packageProductDependencies = (
				047899F5280D9169006E3DD8 /* SnapKit */,
			);
			productName = InstagramProto;
			productReference = 047899DA280D9036006E3DD8 /* InstagramProto.app */;
			productType = "com.apple.product-type.application";
		};
/* End PBXNativeTarget section */

/* Begin PBXProject section */
		047899D2280D9036006E3DD8 /* Project object */ = {
			isa = PBXProject;
			attributes = {
				BuildIndependentTargetsInParallel = 1;
				LastSwiftUpdateCheck = 1330;
				LastUpgradeCheck = 1330;
				TargetAttributes = {
					047899D9280D9036006E3DD8 = {
						CreatedOnToolsVersion = 13.3;
					};
				};
			};
			buildConfigurationList = 047899D5280D9036006E3DD8 /* Build configuration list for PBXProject "InstagramProto" */;
			compatibilityVersion = "Xcode 13.0";
			developmentRegion = en;
			hasScannedForEncodings = 0;
			knownRegions = (
				en,
				Base,
			);
			mainGroup = 047899D1280D9036006E3DD8;
			packageReferences = (
				047899F4280D9169006E3DD8 /* XCRemoteSwiftPackageReference "SnapKit" */,
			);
			productRefGroup = 047899DB280D9036006E3DD8 /* Products */;
			projectDirPath = "";
			projectRoot = "";
			targets = (
				047899D9280D9036006E3DD8 /* InstagramProto */,
			);
		};
/* End PBXProject section */

/* Begin PBXResourcesBuildPhase section */
		047899D8280D9036006E3DD8 /* Resources */ = {
			isa = PBXResourcesBuildPhase;
			buildActionMask = 2147483647;
			files = (
				047899EA280D9038006E3DD8 /* LaunchScreen.storyboard in Resources */,
				047899E7280D9038006E3DD8 /* Assets.xcassets in Resources */,
			);
			runOnlyForDeploymentPostprocessing = 0;
		};
/* End PBXResourcesBuildPhase section */

/* Begin PBXSourcesBuildPhase section */
		047899D6280D9036006E3DD8 /* Sources */ = {
			isa = PBXSourcesBuildPhase;
			buildActionMask = 2147483647;
			files = (
				047899E2280D9036006E3DD8 /* FeedViewController.swift in Sources */,
				0410E41F2816DFF500C1B8AC /* UploadViewController.swift in Sources */,
				0410E41D2816AFC300C1B8AC /* ProfileCollectionViewCell.swift in Sources */,
				0410E41528117BA100C1B8AC /* UIButton+.swift in Sources */,
				047899F2280D911D006E3DD8 /* TabBarController.swift in Sources */,
				047899DE280D9036006E3DD8 /* AppDelegate.swift in Sources */,
				0410E4172813F8D500C1B8AC /* ProfileViewController.swift in Sources */,
				047899E0280D9036006E3DD8 /* SceneDelegate.swift in Sources */,
				0410E41A2816AABB00C1B8AC /* ProfileDataView.swift in Sources */,
				0410E413280D973D00C1B8AC /* FeedTableViewCell.swift in Sources */,
			);
			runOnlyForDeploymentPostprocessing = 0;
		};
/* End PBXSourcesBuildPhase section */

/* Begin PBXVariantGroup section */
		047899E8280D9038006E3DD8 /* LaunchScreen.storyboard */ = {
			isa = PBXVariantGroup;
			children = (
				047899E9280D9038006E3DD8 /* Base */,
			);
			name = LaunchScreen.storyboard;
			sourceTree = "<group>";
		};
/* End PBXVariantGroup section */

/* Begin XCBuildConfiguration section */
		047899EC280D9038006E3DD8 /* Debug */ = {
			isa = XCBuildConfiguration;
			buildSettings = {
				ALWAYS_SEARCH_USER_PATHS = NO;
				CLANG_ANALYZER_NONNULL = YES;
				CLANG_ANALYZER_NUMBER_OBJECT_CONVERSION = YES_AGGRESSIVE;
				CLANG_CXX_LANGUAGE_STANDARD = "gnu++17";
				CLANG_ENABLE_MODULES = YES;
				CLANG_ENABLE_OBJC_ARC = YES;
				CLANG_ENABLE_OBJC_WEAK = YES;
				CLANG_WARN_BLOCK_CAPTURE_AUTORELEASING = YES;
				CLANG_WARN_BOOL_CONVERSION = YES;
				CLANG_WARN_COMMA = YES;
				CLANG_WARN_CONSTANT_CONVERSION = YES;
				CLANG_WARN_DEPRECATED_OBJC_IMPLEMENTATIONS = YES;
				CLANG_WARN_DIRECT_OBJC_ISA_USAGE = YES_ERROR;
				CLANG_WARN_DOCUMENTATION_COMMENTS = YES;
				CLANG_WARN_EMPTY_BODY = YES;
				CLANG_WARN_ENUM_CONVERSION = YES;
				CLANG_WARN_INFINITE_RECURSION = YES;
				CLANG_WARN_INT_CONVERSION = YES;
				CLANG_WARN_NON_LITERAL_NULL_CONVERSION = YES;
				CLANG_WARN_OBJC_IMPLICIT_RETAIN_SELF = YES;
				CLANG_WARN_OBJC_LITERAL_CONVERSION = YES;
				CLANG_WARN_OBJC_ROOT_CLASS = YES_ERROR;
				CLANG_WARN_QUOTED_INCLUDE_IN_FRAMEWORK_HEADER = YES;
				CLANG_WARN_RANGE_LOOP_ANALYSIS = YES;
				CLANG_WARN_STRICT_PROTOTYPES = YES;
				CLANG_WARN_SUSPICIOUS_MOVE = YES;
				CLANG_WARN_UNGUARDED_AVAILABILITY = YES_AGGRESSIVE;
				CLANG_WARN_UNREACHABLE_CODE = YES;
				CLANG_WARN__DUPLICATE_METHOD_MATCH = YES;
				COPY_PHASE_STRIP = NO;
				DEBUG_INFORMATION_FORMAT = dwarf;
				ENABLE_STRICT_OBJC_MSGSEND = YES;
				ENABLE_TESTABILITY = YES;
				GCC_C_LANGUAGE_STANDARD = gnu11;
				GCC_DYNAMIC_NO_PIC = NO;
				GCC_NO_COMMON_BLOCKS = YES;
				GCC_OPTIMIZATION_LEVEL = 0;
				GCC_PREPROCESSOR_DEFINITIONS = (
					"DEBUG=1",
					"$(inherited)",
				);
				GCC_WARN_64_TO_32_BIT_CONVERSION = YES;
				GCC_WARN_ABOUT_RETURN_TYPE = YES_ERROR;
				GCC_WARN_UNDECLARED_SELECTOR = YES;
				GCC_WARN_UNINITIALIZED_AUTOS = YES_AGGRESSIVE;
				GCC_WARN_UNUSED_FUNCTION = YES;
				GCC_WARN_UNUSED_VARIABLE = YES;
				IPHONEOS_DEPLOYMENT_TARGET = 15.4;
				MTL_ENABLE_DEBUG_INFO = INCLUDE_SOURCE;
				MTL_FAST_MATH = YES;
				ONLY_ACTIVE_ARCH = YES;
				SDKROOT = iphoneos;
				SWIFT_ACTIVE_COMPILATION_CONDITIONS = DEBUG;
				SWIFT_OPTIMIZATION_LEVEL = "-Onone";
			};
			name = Debug;
		};
		047899ED280D9038006E3DD8 /* Release */ = {
			isa = XCBuildConfiguration;
			buildSettings = {
				ALWAYS_SEARCH_USER_PATHS = NO;
				CLANG_ANALYZER_NONNULL = YES;
				CLANG_ANALYZER_NUMBER_OBJECT_CONVERSION = YES_AGGRESSIVE;
				CLANG_CXX_LANGUAGE_STANDARD = "gnu++17";
				CLANG_ENABLE_MODULES = YES;
				CLANG_ENABLE_OBJC_ARC = YES;
				CLANG_ENABLE_OBJC_WEAK = YES;
				CLANG_WARN_BLOCK_CAPTURE_AUTORELEASING = YES;
				CLANG_WARN_BOOL_CONVERSION = YES;
				CLANG_WARN_COMMA = YES;
				CLANG_WARN_CONSTANT_CONVERSION = YES;
				CLANG_WARN_DEPRECATED_OBJC_IMPLEMENTATIONS = YES;
				CLANG_WARN_DIRECT_OBJC_ISA_USAGE = YES_ERROR;
				CLANG_WARN_DOCUMENTATION_COMMENTS = YES;
				CLANG_WARN_EMPTY_BODY = YES;
				CLANG_WARN_ENUM_CONVERSION = YES;
				CLANG_WARN_INFINITE_RECURSION = YES;
				CLANG_WARN_INT_CONVERSION = YES;
				CLANG_WARN_NON_LITERAL_NULL_CONVERSION = YES;
				CLANG_WARN_OBJC_IMPLICIT_RETAIN_SELF = YES;
				CLANG_WARN_OBJC_LITERAL_CONVERSION = YES;
				CLANG_WARN_OBJC_ROOT_CLASS = YES_ERROR;
				CLANG_WARN_QUOTED_INCLUDE_IN_FRAMEWORK_HEADER = YES;
				CLANG_WARN_RANGE_LOOP_ANALYSIS = YES;
				CLANG_WARN_STRICT_PROTOTYPES = YES;
				CLANG_WARN_SUSPICIOUS_MOVE = YES;
				CLANG_WARN_UNGUARDED_AVAILABILITY = YES_AGGRESSIVE;
				CLANG_WARN_UNREACHABLE_CODE = YES;
				CLANG_WARN__DUPLICATE_METHOD_MATCH = YES;
				COPY_PHASE_STRIP = NO;
				DEBUG_INFORMATION_FORMAT = "dwarf-with-dsym";
				ENABLE_NS_ASSERTIONS = NO;
				ENABLE_STRICT_OBJC_MSGSEND = YES;
				GCC_C_LANGUAGE_STANDARD = gnu11;
				GCC_NO_COMMON_BLOCKS = YES;
				GCC_WARN_64_TO_32_BIT_CONVERSION = YES;
				GCC_WARN_ABOUT_RETURN_TYPE = YES_ERROR;
				GCC_WARN_UNDECLARED_SELECTOR = YES;
				GCC_WARN_UNINITIALIZED_AUTOS = YES_AGGRESSIVE;
				GCC_WARN_UNUSED_FUNCTION = YES;
				GCC_WARN_UNUSED_VARIABLE = YES;
				IPHONEOS_DEPLOYMENT_TARGET = 15.4;
				MTL_ENABLE_DEBUG_INFO = NO;
				MTL_FAST_MATH = YES;
				SDKROOT = iphoneos;
				SWIFT_COMPILATION_MODE = wholemodule;
				SWIFT_OPTIMIZATION_LEVEL = "-O";
				VALIDATE_PRODUCT = YES;
			};
			name = Release;
		};
		047899EF280D9038006E3DD8 /* Debug */ = {
			isa = XCBuildConfiguration;
			buildSettings = {
				ASSETCATALOG_COMPILER_APPICON_NAME = AppIcon;
				ASSETCATALOG_COMPILER_GLOBAL_ACCENT_COLOR_NAME = AccentColor;
				CODE_SIGN_STYLE = Automatic;
				CURRENT_PROJECT_VERSION = 1;
				DEVELOPMENT_TEAM = A8PCCQAZN2;
				GENERATE_INFOPLIST_FILE = YES;
				INFOPLIST_FILE = InstagramProto/Info.plist;
				INFOPLIST_KEY_UIApplicationSupportsIndirectInputEvents = YES;
				INFOPLIST_KEY_UILaunchStoryboardName = LaunchScreen;
				INFOPLIST_KEY_UISupportedInterfaceOrientations_iPad = "UIInterfaceOrientationPortrait UIInterfaceOrientationPortraitUpsideDown UIInterfaceOrientationLandscapeLeft UIInterfaceOrientationLandscapeRight";
				INFOPLIST_KEY_UISupportedInterfaceOrientations_iPhone = "UIInterfaceOrientationPortrait UIInterfaceOrientationLandscapeLeft UIInterfaceOrientationLandscapeRight";
				LD_RUNPATH_SEARCH_PATHS = (
					"$(inherited)",
					"@executable_path/Frameworks",
				);
				MARKETING_VERSION = 1.0;
				PRODUCT_BUNDLE_IDENTIFIER = com.zoa0945.InstagramProto;
				PRODUCT_NAME = "$(TARGET_NAME)";
				SWIFT_EMIT_LOC_STRINGS = YES;
				SWIFT_VERSION = 5.0;
				TARGETED_DEVICE_FAMILY = "1,2";
			};
			name = Debug;
		};
		047899F0280D9038006E3DD8 /* Release */ = {
			isa = XCBuildConfiguration;
			buildSettings = {
				ASSETCATALOG_COMPILER_APPICON_NAME = AppIcon;
				ASSETCATALOG_COMPILER_GLOBAL_ACCENT_COLOR_NAME = AccentColor;
				CODE_SIGN_STYLE = Automatic;
				CURRENT_PROJECT_VERSION = 1;
				DEVELOPMENT_TEAM = A8PCCQAZN2;
				GENERATE_INFOPLIST_FILE = YES;
				INFOPLIST_FILE = InstagramProto/Info.plist;
				INFOPLIST_KEY_UIApplicationSupportsIndirectInputEvents = YES;
				INFOPLIST_KEY_UILaunchStoryboardName = LaunchScreen;
				INFOPLIST_KEY_UISupportedInterfaceOrientations_iPad = "UIInterfaceOrientationPortrait UIInterfaceOrientationPortraitUpsideDown UIInterfaceOrientationLandscapeLeft UIInterfaceOrientationLandscapeRight";
				INFOPLIST_KEY_UISupportedInterfaceOrientations_iPhone = "UIInterfaceOrientationPortrait UIInterfaceOrientationLandscapeLeft UIInterfaceOrientationLandscapeRight";
				LD_RUNPATH_SEARCH_PATHS = (
					"$(inherited)",
					"@executable_path/Frameworks",
				);
				MARKETING_VERSION = 1.0;
				PRODUCT_BUNDLE_IDENTIFIER = com.zoa0945.InstagramProto;
				PRODUCT_NAME = "$(TARGET_NAME)";
				SWIFT_EMIT_LOC_STRINGS = YES;
				SWIFT_VERSION = 5.0;
				TARGETED_DEVICE_FAMILY = "1,2";
			};
			name = Release;
		};
/* End XCBuildConfiguration section */

/* Begin XCConfigurationList section */
		047899D5280D9036006E3DD8 /* Build configuration list for PBXProject "InstagramProto" */ = {
			isa = XCConfigurationList;
			buildConfigurations = (
				047899EC280D9038006E3DD8 /* Debug */,
				047899ED280D9038006E3DD8 /* Release */,
			);
			defaultConfigurationIsVisible = 0;
			defaultConfigurationName = Release;
		};
		047899EE280D9038006E3DD8 /* Build configuration list for PBXNativeTarget "InstagramProto" */ = {
			isa = XCConfigurationList;
			buildConfigurations = (
				047899EF280D9038006E3DD8 /* Debug */,
				047899F0280D9038006E3DD8 /* Release */,
			);
			defaultConfigurationIsVisible = 0;
			defaultConfigurationName = Release;
		};
/* End XCConfigurationList section */

/* Begin XCRemoteSwiftPackageReference section */
		047899F4280D9169006E3DD8 /* XCRemoteSwiftPackageReference "SnapKit" */ = {
			isa = XCRemoteSwiftPackageReference;
			repositoryURL = "https://github.com/SnapKit/SnapKit.git";
			requirement = {
				kind = upToNextMajorVersion;
				minimumVersion = 5.0.1;
			};
		};
/* End XCRemoteSwiftPackageReference section */

/* Begin XCSwiftPackageProductDependency section */
		047899F5280D9169006E3DD8 /* SnapKit */ = {
			isa = XCSwiftPackageProductDependency;
			package = 047899F4280D9169006E3DD8 /* XCRemoteSwiftPackageReference "SnapKit" */;
			productName = SnapKit;
		};
/* End XCSwiftPackageProductDependency section */
	};
	rootObject = 047899D2280D9036006E3DD8 /* Project object */;
}
